
Microsoft Visual Studio Solution File, Format Version 11.00
# Visual Studio 2010
Project("{FAE04EC0-301F-11D3-BF4B-00C04F79EFBC}") = "WindowsGame4", "WindowsGame4\WindowsGame4\WindowsGame4.csproj", "{2A7C4954-F36B-4821-9167-E7C97A8F1E27}"
EndProject
Project("{96E2B04D-8817-42C6-938A-82C39BA4D311}") = "WindowsGame4Content", "WindowsGame4\WindowsGame4Content\WindowsGame4Content.contentproj", "{4D8DB20C-E979-4E7F-AB42-0A09560C1A43}"
EndProject
Global
	GlobalSection(SolutionConfigurationPlatforms) = preSolution
		Debug|x86 = Debug|x86
		Release|x86 = Release|x86
	EndGlobalSection
	GlobalSection(ProjectConfigurationPlatforms) = postSolution
		{2A7C4954-F36B-4821-9167-E7C97A8F1E27}.Debug|x86.ActiveCfg = Debug|x86
		{2A7C4954-F36B-4821-9167-E7C97A8F1E27}.Debug|x86.Build.0 = Debug|x86
		{2A7C4954-F36B-4821-9167-E7C97A8F1E27}.Release|x86.ActiveCfg = Release|x86
		{2A7C4954-F36B-4821-9167-E7C97A8F1E27}.Release|x86.Build.0 = Release|x86
		{4D8DB20C-E979-4E7F-AB42-0A09560C1A43}.Debug|x86.ActiveCfg = Debug|x86
		{4D8DB20C-E979-4E7F-AB42-0A09560C1A43}.Release|x86.ActiveCfg = Release|x86
	EndGlobalSection
	GlobalSection(SolutionProperties) = preSolution
		HideSolutionNode = FALSE
	EndGlobalSection
EndGlobal
